
Microsoft Visual Studio Solution File, Format Version 12.00
# Visual Studio Version 16
VisualStudioVersion = 16.0.30503.244
MinimumVisualStudioVersion = 10.0.40219.1
Project("{9A19103F-16F7-4668-BE54-9A1E7A4F7556}") = "TheApexMod", "TheApexMod.csproj", "{404205BB-429A-4E32-ADE5-95A04D5D056F}"
EndProject
Global
	GlobalSection(SolutionConfigurationPlatforms) = preSolution
		Debug|Any CPU = Debug|Any CPU
		Release|Any CPU = Release|Any CPU
	EndGlobalSection
	GlobalSection(ProjectConfigurationPlatforms) = postSolution
		{404205BB-429A-4E32-ADE5-95A04D5D056F}.Debug|Any CPU.ActiveCfg = Debug|Any CPU
		{404205BB-429A-4E32-ADE5-95A04D5D056F}.Debug|Any CPU.Build.0 = Debug|Any CPU
		{404205BB-429A-4E32-ADE5-95A04D5D056F}.Release|Any CPU.ActiveCfg = Release|Any CPU
		{404205BB-429A-4E32-ADE5-95A04D5D056F}.Release|Any CPU.Build.0 = Release|Any CPU
	EndGlobalSection
	GlobalSection(SolutionProperties) = preSolution
		HideSolutionNode = FALSE
	EndGlobalSection
	GlobalSection(ExtensibilityGlobals) = postSolution
		SolutionGuid = {696E9032-B7BE-4EE0-95A3-261D70FBE87B}
	EndGlobalSection
EndGlobal
